<?xml version="1.0" encoding="utf-8"?>
<Project ToolsVersion="4.0" xmlns="http://schemas.microsoft.com/developer/msbuild/2003">
  <ItemGroup>
    <Filter Include="tree_sitter">
      <UniqueIdentifier>{8771e593-992d-42a5-9890-04253c5e502b}</UniqueIdentifier>
    </Filter>
    <Filter Include="tree-sitter-cpp">
      <UniqueIdentifier>{c96b6838-b47a-4aac-aa4d-c87d359e2e1f}</UniqueIdentifier>
    </Filter>
  </ItemGroup>
  <ItemGroup>
    <ClCompile Include="tree-sitter\src\lib.c">
      <Filter>tree_sitter</Filter>
    </ClCompile>
    <ClCompile Include="tree-sitter-cpp\parser.c">
      <Filter>tree-sitter-cpp</Filter>
    </ClCompile>
    <ClCompile Include="tree-sitter-cpp\scanner.c">
      <Filter>tree-sitter-cpp</Filter>
    </ClCompile>
  </ItemGroup>
  <ItemGroup>
    <ClInclude Include="tree-sitter\include\tree_sitter\api.h">
      <Filter>tree_sitter</Filter>
    </ClInclude>
  </ItemGroup>
</Project>